# This file is autogenerated, do not edit; changes may be undone by the next 'dep ensure'.


[[projects]]
  branch = "master"
  digest = "1:f75d7c54eced9393e8967ec124b416afc9eea8d90428c63bf5e93eca0d410251"
  name = "github.com/200sc/go-dist"
  packages = [
    "colorrange",
    "intrange",
  ]
  pruneopts = "UT"
  revision = "8bdf90fe4b023f2e176be67c7c27ea31dd89d324"

[[projects]]
  digest = "1:186ad6a2ce5048937ba4fec5ec8684e04a1f190dfb8d378d47d8b23fb8423cdb"
  name = "github.com/200sc/klangsynthese"
  packages = [
    "audio",
    "audio/filter",
    "audio/filter/supports",
    "audio/manip",
    "font",
    "mp3",
    "wav",
  ]
  pruneopts = "UT"
  revision = "ae391211d7385f8a6a4f8b11c7ab531a1121feb0"
  version = "v0.1.0"

[[projects]]
  digest = "1:9f3b30d9f8e0d7040f729b82dcbc8f0dead820a133b3147ce355fc451f32d761"
  name = "github.com/BurntSushi/toml"
  packages = ["."]
  pruneopts = "UT"
  revision = "3012a1dbe2e4bd1391d42b32f0577cb7bbc7f005"
  version = "v0.3.1"

[[projects]]
  branch = "master"
  digest = "1:130593c6d3a71ec66faec36cbe0017d56755ddc38c638e675b31552b6f1b9708"
  name = "github.com/BurntSushi/xgb"
  packages = [
    ".",
    "render",
    "shm",
    "xproto",
  ]
  pruneopts = "UT"
  revision = "27f122750802c950b2c869a5b63dafcf590ced95"

[[projects]]
  branch = "master"
  digest = "1:554fc9ace442cb49137a7790fa8d6264d8987c1fb90925cf02899d4663538f9d"
  name = "github.com/akavel/polyclip-go"
  packages = ["."]
  pruneopts = "UT"
  revision = "2cfdb71461bde9115450eb65688337e3f8ee715e"

[[projects]]
  digest = "1:ffe9824d294da03b391f44e1ae8281281b4afc1bdaa9588c9097785e3af10cec"
  name = "github.com/davecgh/go-spew"
  packages = ["spew"]
  pruneopts = "UT"
  revision = "8991bc29aa16c548c550c7ff78260e27b9ab7c73"
  version = "v1.1.1"

[[projects]]
  digest = "1:b3af453d2bd5c7f1c6242b38d0416aa6cf96485a90b404fe638abeadb7ddd501"
  name = "github.com/disintegration/gift"
  packages = ["."]
  pruneopts = "UT"
  revision = "e7b6d79ff1929f7f71e2de01198850f4e50db244"
  version = "v1.2.0"

[[projects]]
  branch = "master"
  digest = "1:62c57507df491b657e9ae2645f30958d9964c8eeb380600469eedc951ebb3a0e"
  name = "github.com/golang/freetype"
  packages = [
    "raster",
    "truetype",
  ]
  pruneopts = "UT"
  revision = "e2365dfdc4a05e4b8299a783240d4a7d5a65d4e4"

[[projects]]
  digest = "1:52430c9cb1b419d4d7cc21b6536732a492376820e4d6aa43bc2dd0b53ae491a5"
  name = "github.com/hajimehoshi/go-mp3"
  packages = [
    ".",
    "internal/bits",
    "internal/consts",
    "internal/frame",
    "internal/frameheader",
    "internal/huffman",
    "internal/imdct",
    "internal/maindata",
    "internal/sideinfo",
  ]
  pruneopts = "UT"
  revision = "90191ee719ddc192865cd96bdc8013ef1ed6dbea"
  version = "v0.1.1"

[[projects]]
  digest = "1:e81419c7c76b0bbd0a61b59b277734b3d8e95a594c5675fc8701b035b4f7ef45"
  name = "github.com/oakmound/oak"
  packages = [
    ".",
    "alg",
    "alg/floatgeom",
    "alg/intgeom",
    "audio",
    "collision",
    "dlog",
    "entities",
    "event",
    "fileutil",
    "key",
    "mouse",
    "oakerr",
    "physics",
    "render",
    "render/mod",
    "scene",
    "shape",
    "timing",
  ]
  pruneopts = "UT"
  revision = "d7a0494740a9b72885c9ed28788f64359231c6ec"
  version = "v2.0.0"

[[projects]]
  digest = "1:5946d50a5b3ad30b970c44bfe3d5867c30398f25d95b87c96181dd2cad75e374"
  name = "github.com/oakmound/shiny"
  packages = [
    "driver",
    "driver/gldriver",
    "driver/internal/drawer",
    "driver/internal/errscreen",
    "driver/internal/event",
    "driver/internal/lifecycler",
    "driver/internal/swizzle",
    "driver/internal/win32",
    "driver/internal/x11key",
    "driver/windriver",
    "driver/x11driver",
    "gesture",
    "screen",
  ]
  pruneopts = "UT"
  revision = "c45f2e40187a7a4659e19f7fcef90086db41801e"
  version = "v0.1.0"

[[projects]]
  digest = "1:17b5368f859a5ee0bc4521b9cb29b25ab1a69c86eab2ab2883b60efe3a3ad093"
  name = "github.com/oakmound/w32"
  packages = ["."]
  pruneopts = "UT"
  revision = "b7f1cf6a58d56773f641d191180a5d81c5679ab1"
  version = "v1.0.0"

[[projects]]
  branch = "master"
  digest = "1:ffbc3e14a414a0a5256fdcf92b7f52f218613318e6f17eca7b9c6ac48a1072cf"
  name = "github.com/oov/directsound-go"
  packages = ["dsound"]
  pruneopts = "UT"
  revision = "e53e59c700bfd3a54be020aa361349351b1221aa"

[[projects]]
  digest = "1:40e195917a951a8bf867cd05de2a46aaf1806c50cf92eebf4c16f78cd196f747"
  name = "github.com/pkg/errors"
  packages = ["."]
  pruneopts = "UT"
  revision = "645ef00459ed84a119197bfb8d8205042c6df63d"
  version = "v0.8.0"

[[projects]]
  branch = "master"
  digest = "1:39da21664e65ffb88461ed671c8f5dbb82e2fc869bb08facf8cf6d16f250c675"
  name = "github.com/tryphon/alsa-go"
  packages = ["."]
  pruneopts = "UT"
  revision = "15454c34bf57fd0b18c927b74564dfcf2209f41d"

[[projects]]
  branch = "master"
  digest = "1:e4955d8aa1a09ceb900f2c2df004b638a74c6c7588fff643863f779eebfd1b5d"
  name = "golang.org/x/image"
  packages = [
    "bmp",
    "colornames",
    "font",
    "math/f64",
    "math/fixed",
  ]
  pruneopts = "UT"
  revision = "cd38e8056d9b27bb2f265effa37fb0ea6b8a7f0f"

[[projects]]
  branch = "master"
  digest = "1:97b3ccf91aec42b36b53970c65da2f0aaebae2f22f50459eeb7b23a4a56cf71a"
  name = "golang.org/x/mobile"
  packages = [
    "event/key",
    "event/lifecycle",
    "event/mouse",
    "event/paint",
    "event/size",
    "geom",
    "gl",
  ]
  pruneopts = "UT"
  revision = "ca3c58166ed802c9810ffc499b01bc1cd2e0153a"

[[projects]]
  branch = "master"
  digest = "1:1a1ecfa7b54ca3f7a0115ab5c578d7d6a5d8b605839c549e80260468c42f8be7"
  name = "golang.org/x/net"
  packages = [
    "html",
    "html/atom",
  ]
  pruneopts = "UT"
  revision = "927f97764cc334a6575f4b7a1584a147864d5723"

[[projects]]
  branch = "master"
  digest = "1:9f303486d623f840492bfeb48eb906a94e9d3fe638a761639b72ce64bf7bfcc3"
  name = "golang.org/x/sync"
  packages = ["syncmap"]
  pruneopts = "UT"
  revision = "37e7f081c4d4c64e13b10787722085407fe5d15f"

[[projects]]
  branch = "master"
  digest = "1:68a4638398cf8c864a6aa50c8853ebe7935f939aa3acf7e44cb35b67852e9fef"
  name = "golang.org/x/sys"
  packages = ["windows"]
  pruneopts = "UT"
  revision = "9a3f9b0469bbc6b8802087ae5c0af9f61502de01"

[solve-meta]
  analyzer-name = "dep"
  analyzer-version = 1
  input-imports = [
    "github.com/oakmound/oak",
    "github.com/oakmound/oak/entities",
    "github.com/oakmound/oak/event",
    "github.com/oakmound/oak/key",
    "github.com/oakmound/oak/physics",
    "github.com/oakmound/oak/render",
    "github.com/oakmound/oak/scene",
  ]
  solver-name = "gps-cdcl"
  solver-version = 1
